
Microsoft Visual Studio Solution File, Format Version 12.00
# Visual Studio Version 16
VisualStudioVersion = 16.0.30517.126
MinimumVisualStudioVersion = 10.0.40219.1
Project("{FAE04EC0-301F-11D3-BF4B-00C04F79EFBC}") = "TMI", "TMI\TMI.csproj", "{3A872B3D-D59B-4614-AAF0-A2D184CC6621}"
EndProject
Global
	GlobalSection(SolutionConfigurationPlatforms) = preSolution
		Debug|Any CPU = Debug|Any CPU
		Release|Any CPU = Release|Any CPU
	EndGlobalSection
	GlobalSection(ProjectConfigurationPlatforms) = postSolution
		{3A872B3D-D59B-4614-AAF0-A2D184CC6621}.Debug|Any CPU.ActiveCfg = Debug|Any CPU
		{3A872B3D-D59B-4614-AAF0-A2D184CC6621}.Debug|Any CPU.Build.0 = Debug|Any CPU
		{3A872B3D-D59B-4614-AAF0-A2D184CC6621}.Release|Any CPU.ActiveCfg = Release|Any CPU
		{3A872B3D-D59B-4614-AAF0-A2D184CC6621}.Release|Any CPU.Build.0 = Release|Any CPU
	EndGlobalSection
	GlobalSection(SolutionProperties) = preSolution
		HideSolutionNode = FALSE
	EndGlobalSection
	GlobalSection(ExtensibilityGlobals) = postSolution
		SolutionGuid = {E1451542-E026-4209-A4A5-30D8C2E3E24F}
	EndGlobalSection
EndGlobal
